
Microsoft Visual Studio Solution File, Format Version 12.00
# Visual Studio Version 16
VisualStudioVersion = 16.0.31702.278
MinimumVisualStudioVersion = 10.0.40219.1
Project("{9A19103F-16F7-4668-BE54-9A1E7A4F7556}") = "LD.API", "LD.API.csproj", "{D1136589-97A3-43B9-BC8A-C926CF010DB2}"
EndProject
Project("{9A19103F-16F7-4668-BE54-9A1E7A4F7556}") = "LD.Models", "..\LD.Models\LD.Models.csproj", "{7BE1E3DA-FCEF-45DE-96C0-9B92F0BECB02}"
EndProject
Project("{9A19103F-16F7-4668-BE54-9A1E7A4F7556}") = "LD.Data", "..\LD.Data\LD.Data.csproj", "{D802B0F3-C1B1-4D46-9BB3-3CC78348C5EF}"
EndProject
Project("{2150E333-8FDC-42A3-9474-1A3956D46DE8}") = "Tests", "Tests", "{EDCC84FC-A8FA-4BB3-8798-E8E0E1CD1C10}"
EndProject
Project("{9A19103F-16F7-4668-BE54-9A1E7A4F7556}") = "LD.Data.IntegrationTests", "..\LD.DataTests\LD.Data.IntegrationTests.csproj", "{39C7BF85-04E9-4839-B831-866D3FDA9E77}"
EndProject
Project("{9A19103F-16F7-4668-BE54-9A1E7A4F7556}") = "LD.BootstrapSetup", "..\LD.BootstrapSetup\LD.BootstrapSetup.csproj", "{DDF9C20E-AF1F-43F6-AC56-865B479F8E0E}"
EndProject
Project("{9A19103F-16F7-4668-BE54-9A1E7A4F7556}") = "LD.Services", "..\LD_Services\LD.Services.csproj", "{7139D6D7-6CBD-4825-BB06-F43C95923D7D}"
EndProject
Project("{9A19103F-16F7-4668-BE54-9A1E7A4F7556}") = "LD.Common", "..\LD_Common\LD.Common.csproj", "{24C0E16F-775C-4E2D-9B0C-6F92EDA7156C}"
EndProject
Project("{9A19103F-16F7-4668-BE54-9A1E7A4F7556}") = "LD.MessageConsumer.IntegrationTests", "..\LD_MessageConsumerTests\LD.MessageConsumer.IntegrationTests.csproj", "{2C6554B6-00F8-4E37-8EB9-DF292B4C08E5}"
EndProject
Project("{9A19103F-16F7-4668-BE54-9A1E7A4F7556}") = "LD.API.UnitTests", "..\LD_APIIntegrationTests2\LD.API.UnitTests.csproj", "{79AEA213-3CBE-4316-B40B-AD6EA969F547}"
EndProject
Project("{2150E333-8FDC-42A3-9474-1A3956D46DE8}") = "common", "common", "{E2B8965A-4E84-4F01-B953-222865D02585}"
EndProject
Project("{2150E333-8FDC-42A3-9474-1A3956D46DE8}") = "Business", "Business", "{29FD3524-0D0D-4088-8BA2-148886C73E19}"
EndProject
Global
	GlobalSection(SolutionConfigurationPlatforms) = preSolution
		Debug|Any CPU = Debug|Any CPU
		Release|Any CPU = Release|Any CPU
	EndGlobalSection
	GlobalSection(ProjectConfigurationPlatforms) = postSolution
		{D1136589-97A3-43B9-BC8A-C926CF010DB2}.Debug|Any CPU.ActiveCfg = Debug|Any CPU
		{D1136589-97A3-43B9-BC8A-C926CF010DB2}.Debug|Any CPU.Build.0 = Debug|Any CPU
		{D1136589-97A3-43B9-BC8A-C926CF010DB2}.Release|Any CPU.ActiveCfg = Release|Any CPU
		{D1136589-97A3-43B9-BC8A-C926CF010DB2}.Release|Any CPU.Build.0 = Release|Any CPU
		{7BE1E3DA-FCEF-45DE-96C0-9B92F0BECB02}.Debug|Any CPU.ActiveCfg = Debug|Any CPU
		{7BE1E3DA-FCEF-45DE-96C0-9B92F0BECB02}.Debug|Any CPU.Build.0 = Debug|Any CPU
		{7BE1E3DA-FCEF-45DE-96C0-9B92F0BECB02}.Release|Any CPU.ActiveCfg = Release|Any CPU
		{7BE1E3DA-FCEF-45DE-96C0-9B92F0BECB02}.Release|Any CPU.Build.0 = Release|Any CPU
		{D802B0F3-C1B1-4D46-9BB3-3CC78348C5EF}.Debug|Any CPU.ActiveCfg = Debug|Any CPU
		{D802B0F3-C1B1-4D46-9BB3-3CC78348C5EF}.Debug|Any CPU.Build.0 = Debug|Any CPU
		{D802B0F3-C1B1-4D46-9BB3-3CC78348C5EF}.Release|Any CPU.ActiveCfg = Release|Any CPU
		{D802B0F3-C1B1-4D46-9BB3-3CC78348C5EF}.Release|Any CPU.Build.0 = Release|Any CPU
		{39C7BF85-04E9-4839-B831-866D3FDA9E77}.Debug|Any CPU.ActiveCfg = Debug|Any CPU
		{39C7BF85-04E9-4839-B831-866D3FDA9E77}.Debug|Any CPU.Build.0 = Debug|Any CPU
		{39C7BF85-04E9-4839-B831-866D3FDA9E77}.Release|Any CPU.ActiveCfg = Release|Any CPU
		{39C7BF85-04E9-4839-B831-866D3FDA9E77}.Release|Any CPU.Build.0 = Release|Any CPU
		{DDF9C20E-AF1F-43F6-AC56-865B479F8E0E}.Debug|Any CPU.ActiveCfg = Debug|Any CPU
		{DDF9C20E-AF1F-43F6-AC56-865B479F8E0E}.Debug|Any CPU.Build.0 = Debug|Any CPU
		{DDF9C20E-AF1F-43F6-AC56-865B479F8E0E}.Release|Any CPU.ActiveCfg = Release|Any CPU
		{DDF9C20E-AF1F-43F6-AC56-865B479F8E0E}.Release|Any CPU.Build.0 = Release|Any CPU
		{7139D6D7-6CBD-4825-BB06-F43C95923D7D}.Debug|Any CPU.ActiveCfg = Debug|Any CPU
		{7139D6D7-6CBD-4825-BB06-F43C95923D7D}.Debug|Any CPU.Build.0 = Debug|Any CPU
		{7139D6D7-6CBD-4825-BB06-F43C95923D7D}.Release|Any CPU.ActiveCfg = Release|Any CPU
		{7139D6D7-6CBD-4825-BB06-F43C95923D7D}.Release|Any CPU.Build.0 = Release|Any CPU
		{24C0E16F-775C-4E2D-9B0C-6F92EDA7156C}.Debug|Any CPU.ActiveCfg = Debug|Any CPU
		{24C0E16F-775C-4E2D-9B0C-6F92EDA7156C}.Debug|Any CPU.Build.0 = Debug|Any CPU
		{24C0E16F-775C-4E2D-9B0C-6F92EDA7156C}.Release|Any CPU.ActiveCfg = Release|Any CPU
		{24C0E16F-775C-4E2D-9B0C-6F92EDA7156C}.Release|Any CPU.Build.0 = Release|Any CPU
		{2C6554B6-00F8-4E37-8EB9-DF292B4C08E5}.Debug|Any CPU.ActiveCfg = Debug|Any CPU
		{2C6554B6-00F8-4E37-8EB9-DF292B4C08E5}.Debug|Any CPU.Build.0 = Debug|Any CPU
		{2C6554B6-00F8-4E37-8EB9-DF292B4C08E5}.Release|Any CPU.ActiveCfg = Release|Any CPU
		{2C6554B6-00F8-4E37-8EB9-DF292B4C08E5}.Release|Any CPU.Build.0 = Release|Any CPU
		{79AEA213-3CBE-4316-B40B-AD6EA969F547}.Debug|Any CPU.ActiveCfg = Debug|Any CPU
		{79AEA213-3CBE-4316-B40B-AD6EA969F547}.Debug|Any CPU.Build.0 = Debug|Any CPU
		{79AEA213-3CBE-4316-B40B-AD6EA969F547}.Release|Any CPU.ActiveCfg = Release|Any CPU
		{79AEA213-3CBE-4316-B40B-AD6EA969F547}.Release|Any CPU.Build.0 = Release|Any CPU
	EndGlobalSection
	GlobalSection(SolutionProperties) = preSolution
		HideSolutionNode = FALSE
	EndGlobalSection
	GlobalSection(NestedProjects) = preSolution
		{7BE1E3DA-FCEF-45DE-96C0-9B92F0BECB02} = {29FD3524-0D0D-4088-8BA2-148886C73E19}
		{D802B0F3-C1B1-4D46-9BB3-3CC78348C5EF} = {29FD3524-0D0D-4088-8BA2-148886C73E19}
		{39C7BF85-04E9-4839-B831-866D3FDA9E77} = {EDCC84FC-A8FA-4BB3-8798-E8E0E1CD1C10}
		{DDF9C20E-AF1F-43F6-AC56-865B479F8E0E} = {E2B8965A-4E84-4F01-B953-222865D02585}
		{7139D6D7-6CBD-4825-BB06-F43C95923D7D} = {29FD3524-0D0D-4088-8BA2-148886C73E19}
		{24C0E16F-775C-4E2D-9B0C-6F92EDA7156C} = {E2B8965A-4E84-4F01-B953-222865D02585}
		{2C6554B6-00F8-4E37-8EB9-DF292B4C08E5} = {EDCC84FC-A8FA-4BB3-8798-E8E0E1CD1C10}
		{79AEA213-3CBE-4316-B40B-AD6EA969F547} = {EDCC84FC-A8FA-4BB3-8798-E8E0E1CD1C10}
	EndGlobalSection
	GlobalSection(ExtensibilityGlobals) = postSolution
		SolutionGuid = {83A02C43-844B-46FD-B043-5C58A12327FB}
	EndGlobalSection
EndGlobal
